
Microsoft Visual Studio Solution File, Format Version 12.00
# Visual Studio Version 16
VisualStudioVersion = 16.0.29123.88
MinimumVisualStudioVersion = 10.0.40219.1
Project("{9092AA53-FB77-4645-B42D-1CCCA6BD08BD}") = "NodejsWebApp1", "NodejsWebApp1.njsproj", "{0E239D03-C47B-4876-90EC-8546A650F9F4}"
EndProject
Global
	GlobalSection(SolutionConfigurationPlatforms) = preSolution
		Debug|Any CPU = Debug|Any CPU
		Release|Any CPU = Release|Any CPU
	EndGlobalSection
	GlobalSection(ProjectConfigurationPlatforms) = postSolution
		{0E239D03-C47B-4876-90EC-8546A650F9F4}.Debug|Any CPU.ActiveCfg = Debug|Any CPU
		{0E239D03-C47B-4876-90EC-8546A650F9F4}.Debug|Any CPU.Build.0 = Debug|Any CPU
		{0E239D03-C47B-4876-90EC-8546A650F9F4}.Release|Any CPU.ActiveCfg = Release|Any CPU
		{0E239D03-C47B-4876-90EC-8546A650F9F4}.Release|Any CPU.Build.0 = Release|Any CPU
	EndGlobalSection
	GlobalSection(SolutionProperties) = preSolution
		HideSolutionNode = FALSE
	EndGlobalSection
	GlobalSection(ExtensibilityGlobals) = postSolution
		SolutionGuid = {BAFF74A4-95FD-430F-B67A-C3BE69DAE56C}
	EndGlobalSection
EndGlobal
